
Microsoft Visual Studio Solution File, Format Version 12.00
# Visual Studio 2013
VisualStudioVersion = 12.0.30501.0
MinimumVisualStudioVersion = 10.0.40219.1
Project("{FAE04EC0-301F-11D3-BF4B-00C04F79EFBC}") = "MazeNavigator", "MazeNavigator\MazeNavigator.csproj", "{015C024D-E2C0-495E-A234-80646A50B261}"
EndProject
Project("{FAE04EC0-301F-11D3-BF4B-00C04F79EFBC}") = "LevelDesigner", "LevelDesigner\LevelDesigner.csproj", "{0BA77DEE-5A01-439A-90BA-A72FDC86C251}"
EndProject
Project("{FAE04EC0-301F-11D3-BF4B-00C04F79EFBC}") = "Media", "Media\Media\Media.csproj", "{88F503F7-71B4-4FC8-A67E-83F6623B8D2B}"
EndProject
Project("{FAE04EC0-301F-11D3-BF4B-00C04F79EFBC}") = "MediaContent", "Media\MediaContent\MediaContent.contentproj", "{6A5CB865-0340-4F89-BD8D-4C9C8B971E75}"
EndProject
Global
	GlobalSection(SolutionConfigurationPlatforms) = preSolution
		Android|Any CPU = Android|Any CPU
		Android|Mixed Platforms = Android|Mixed Platforms
		Android|x86 = Android|x86
		Debug|Any CPU = Debug|Any CPU
		Debug|Mixed Platforms = Debug|Mixed Platforms
		Debug|x86 = Debug|x86
		iOS|Any CPU = iOS|Any CPU
		iOS|Mixed Platforms = iOS|Mixed Platforms
		iOS|x86 = iOS|x86
		Linux|Any CPU = Linux|Any CPU
		Linux|Mixed Platforms = Linux|Mixed Platforms
		Linux|x86 = Linux|x86
		OSX|Any CPU = OSX|Any CPU
		OSX|Mixed Platforms = OSX|Mixed Platforms
		OSX|x86 = OSX|x86
		PSM|Any CPU = PSM|Any CPU
		PSM|Mixed Platforms = PSM|Mixed Platforms
		PSM|x86 = PSM|x86
		Release|Any CPU = Release|Any CPU
		Release|Mixed Platforms = Release|Mixed Platforms
		Release|x86 = Release|x86
		Windows|Any CPU = Windows|Any CPU
		Windows|Mixed Platforms = Windows|Mixed Platforms
		Windows|x86 = Windows|x86
		Windows8|Any CPU = Windows8|Any CPU
		Windows8|Mixed Platforms = Windows8|Mixed Platforms
		Windows8|x86 = Windows8|x86
	EndGlobalSection
	GlobalSection(ProjectConfigurationPlatforms) = postSolution
		{015C024D-E2C0-495E-A234-80646A50B261}.Android|Any CPU.ActiveCfg = Release|x86
		{015C024D-E2C0-495E-A234-80646A50B261}.Android|Mixed Platforms.ActiveCfg = Release|x86
		{015C024D-E2C0-495E-A234-80646A50B261}.Android|Mixed Platforms.Build.0 = Release|x86
		{015C024D-E2C0-495E-A234-80646A50B261}.Android|x86.ActiveCfg = Release|x86
		{015C024D-E2C0-495E-A234-80646A50B261}.Android|x86.Build.0 = Release|x86
		{015C024D-E2C0-495E-A234-80646A50B261}.Debug|Any CPU.ActiveCfg = Debug|x86
		{015C024D-E2C0-495E-A234-80646A50B261}.Debug|Any CPU.Build.0 = Debug|x86
		{015C024D-E2C0-495E-A234-80646A50B261}.Debug|Mixed Platforms.ActiveCfg = Debug|x86
		{015C024D-E2C0-495E-A234-80646A50B261}.Debug|Mixed Platforms.Build.0 = Debug|x86
		{015C024D-E2C0-495E-A234-80646A50B261}.Debug|x86.ActiveCfg = Debug|x86
		{015C024D-E2C0-495E-A234-80646A50B261}.Debug|x86.Build.0 = Debug|x86
		{015C024D-E2C0-495E-A234-80646A50B261}.iOS|Any CPU.ActiveCfg = Release|x86
		{015C024D-E2C0-495E-A234-80646A50B261}.iOS|Mixed Platforms.ActiveCfg = Release|x86
		{015C024D-E2C0-495E-A234-80646A50B261}.iOS|Mixed Platforms.Build.0 = Release|x86
		{015C024D-E2C0-495E-A234-80646A50B261}.iOS|x86.ActiveCfg = Release|x86
		{015C024D-E2C0-495E-A234-80646A50B261}.iOS|x86.Build.0 = Release|x86
		{015C024D-E2C0-495E-A234-80646A50B261}.Linux|Any CPU.ActiveCfg = Release|x86
		{015C024D-E2C0-495E-A234-80646A50B261}.Linux|Mixed Platforms.ActiveCfg = Release|x86
		{015C024D-E2C0-495E-A234-80646A50B261}.Linux|Mixed Platforms.Build.0 = Release|x86
		{015C024D-E2C0-495E-A234-80646A50B261}.Linux|x86.ActiveCfg = Release|x86
		{015C024D-E2C0-495E-A234-80646A50B261}.Linux|x86.Build.0 = Release|x86
		{015C024D-E2C0-495E-A234-80646A50B261}.OSX|Any CPU.ActiveCfg = Release|x86
		{015C024D-E2C0-495E-A234-80646A50B261}.OSX|Mixed Platforms.ActiveCfg = Release|x86
		{015C024D-E2C0-495E-A234-80646A50B261}.OSX|Mixed Platforms.Build.0 = Release|x86
		{015C024D-E2C0-495E-A234-80646A50B261}.OSX|x86.ActiveCfg = Release|x86
		{015C024D-E2C0-495E-A234-80646A50B261}.OSX|x86.Build.0 = Release|x86
		{015C024D-E2C0-495E-A234-80646A50B261}.PSM|Any CPU.ActiveCfg = Release|x86
		{015C024D-E2C0-495E-A234-80646A50B261}.PSM|Mixed Platforms.ActiveCfg = Release|x86
		{015C024D-E2C0-495E-A234-80646A50B261}.PSM|Mixed Platforms.Build.0 = Release|x86
		{015C024D-E2C0-495E-A234-80646A50B261}.PSM|x86.ActiveCfg = Release|x86
		{015C024D-E2C0-495E-A234-80646A50B261}.PSM|x86.Build.0 = Release|x86
		{015C024D-E2C0-495E-A234-80646A50B261}.Release|Any CPU.ActiveCfg = Release|x86
		{015C024D-E2C0-495E-A234-80646A50B261}.Release|Mixed Platforms.ActiveCfg = Release|x86
		{015C024D-E2C0-495E-A234-80646A50B261}.Release|Mixed Platforms.Build.0 = Release|x86
		{015C024D-E2C0-495E-A234-80646A50B261}.Release|x86.ActiveCfg = Release|x86
		{015C024D-E2C0-495E-A234-80646A50B261}.Release|x86.Build.0 = Release|x86
		{015C024D-E2C0-495E-A234-80646A50B261}.Windows|Any CPU.ActiveCfg = Release|x86
		{015C024D-E2C0-495E-A234-80646A50B261}.Windows|Mixed Platforms.ActiveCfg = Release|x86
		{015C024D-E2C0-495E-A234-80646A50B261}.Windows|Mixed Platforms.Build.0 = Release|x86
		{015C024D-E2C0-495E-A234-80646A50B261}.Windows|x86.ActiveCfg = Release|x86
		{015C024D-E2C0-495E-A234-80646A50B261}.Windows|x86.Build.0 = Release|x86
		{015C024D-E2C0-495E-A234-80646A50B261}.Windows8|Any CPU.ActiveCfg = Release|x86
		{015C024D-E2C0-495E-A234-80646A50B261}.Windows8|Mixed Platforms.ActiveCfg = Release|x86
		{015C024D-E2C0-495E-A234-80646A50B261}.Windows8|Mixed Platforms.Build.0 = Release|x86
		{015C024D-E2C0-495E-A234-80646A50B261}.Windows8|x86.ActiveCfg = Release|x86
		{015C024D-E2C0-495E-A234-80646A50B261}.Windows8|x86.Build.0 = Release|x86
		{0BA77DEE-5A01-439A-90BA-A72FDC86C251}.Android|Any CPU.ActiveCfg = Release|x86
		{0BA77DEE-5A01-439A-90BA-A72FDC86C251}.Android|Mixed Platforms.ActiveCfg = Release|x86
		{0BA77DEE-5A01-439A-90BA-A72FDC86C251}.Android|Mixed Platforms.Build.0 = Release|x86
		{0BA77DEE-5A01-439A-90BA-A72FDC86C251}.Android|x86.ActiveCfg = Release|x86
		{0BA77DEE-5A01-439A-90BA-A72FDC86C251}.Android|x86.Build.0 = Release|x86
		{0BA77DEE-5A01-439A-90BA-A72FDC86C251}.Debug|Any CPU.ActiveCfg = Debug|x86
		{0BA77DEE-5A01-439A-90BA-A72FDC86C251}.Debug|Any CPU.Build.0 = Debug|x86
		{0BA77DEE-5A01-439A-90BA-A72FDC86C251}.Debug|Mixed Platforms.ActiveCfg = Debug|x86
		{0BA77DEE-5A01-439A-90BA-A72FDC86C251}.Debug|Mixed Platforms.Build.0 = Debug|x86
		{0BA77DEE-5A01-439A-90BA-A72FDC86C251}.Debug|x86.ActiveCfg = Debug|x86
		{0BA77DEE-5A01-439A-90BA-A72FDC86C251}.Debug|x86.Build.0 = Debug|x86
		{0BA77DEE-5A01-439A-90BA-A72FDC86C251}.iOS|Any CPU.ActiveCfg = Release|x86
		{0BA77DEE-5A01-439A-90BA-A72FDC86C251}.iOS|Mixed Platforms.ActiveCfg = Release|x86
		{0BA77DEE-5A01-439A-90BA-A72FDC86C251}.iOS|Mixed Platforms.Build.0 = Release|x86
		{0BA77DEE-5A01-439A-90BA-A72FDC86C251}.iOS|x86.ActiveCfg = Release|x86
		{0BA77DEE-5A01-439A-90BA-A72FDC86C251}.iOS|x86.Build.0 = Release|x86
		{0BA77DEE-5A01-439A-90BA-A72FDC86C251}.Linux|Any CPU.ActiveCfg = Release|x86
		{0BA77DEE-5A01-439A-90BA-A72FDC86C251}.Linux|Mixed Platforms.ActiveCfg = Release|x86
		{0BA77DEE-5A01-439A-90BA-A72FDC86C251}.Linux|Mixed Platforms.Build.0 = Release|x86
		{0BA77DEE-5A01-439A-90BA-A72FDC86C251}.Linux|x86.ActiveCfg = Release|x86
		{0BA77DEE-5A01-439A-90BA-A72FDC86C251}.Linux|x86.Build.0 = Release|x86
		{0BA77DEE-5A01-439A-90BA-A72FDC86C251}.OSX|Any CPU.ActiveCfg = Release|x86
		{0BA77DEE-5A01-439A-90BA-A72FDC86C251}.OSX|Mixed Platforms.ActiveCfg = Release|x86
		{0BA77DEE-5A01-439A-90BA-A72FDC86C251}.OSX|Mixed Platforms.Build.0 = Release|x86
		{0BA77DEE-5A01-439A-90BA-A72FDC86C251}.OSX|x86.ActiveCfg = Release|x86
		{0BA77DEE-5A01-439A-90BA-A72FDC86C251}.OSX|x86.Build.0 = Release|x86
		{0BA77DEE-5A01-439A-90BA-A72FDC86C251}.PSM|Any CPU.ActiveCfg = Release|x86
		{0BA77DEE-5A01-439A-90BA-A72FDC86C251}.PSM|Mixed Platforms.ActiveCfg = Release|x86
		{0BA77DEE-5A01-439A-90BA-A72FDC86C251}.PSM|Mixed Platforms.Build.0 = Release|x86
		{0BA77DEE-5A01-439A-90BA-A72FDC86C251}.PSM|x86.ActiveCfg = Release|x86
		{0BA77DEE-5A01-439A-90BA-A72FDC86C251}.PSM|x86.Build.0 = Release|x86
		{0BA77DEE-5A01-439A-90BA-A72FDC86C251}.Release|Any CPU.ActiveCfg = Release|x86
		{0BA77DEE-5A01-439A-90BA-A72FDC86C251}.Release|Mixed Platforms.ActiveCfg = Release|x86
		{0BA77DEE-5A01-439A-90BA-A72FDC86C251}.Release|Mixed Platforms.Build.0 = Release|x86
		{0BA77DEE-5A01-439A-90BA-A72FDC86C251}.Release|x86.ActiveCfg = Release|x86
		{0BA77DEE-5A01-439A-90BA-A72FDC86C251}.Release|x86.Build.0 = Release|x86
		{0BA77DEE-5A01-439A-90BA-A72FDC86C251}.Windows|Any CPU.ActiveCfg = Release|x86
		{0BA77DEE-5A01-439A-90BA-A72FDC86C251}.Windows|Mixed Platforms.ActiveCfg = Release|x86
		{0BA77DEE-5A01-439A-90BA-A72FDC86C251}.Windows|Mixed Platforms.Build.0 = Release|x86
		{0BA77DEE-5A01-439A-90BA-A72FDC86C251}.Windows|x86.ActiveCfg = Release|x86
		{0BA77DEE-5A01-439A-90BA-A72FDC86C251}.Windows|x86.Build.0 = Release|x86
		{0BA77DEE-5A01-439A-90BA-A72FDC86C251}.Windows8|Any CPU.ActiveCfg = Release|x86
		{0BA77DEE-5A01-439A-90BA-A72FDC86C251}.Windows8|Mixed Platforms.ActiveCfg = Release|x86
		{0BA77DEE-5A01-439A-90BA-A72FDC86C251}.Windows8|Mixed Platforms.Build.0 = Release|x86
		{0BA77DEE-5A01-439A-90BA-A72FDC86C251}.Windows8|x86.ActiveCfg = Release|x86
		{0BA77DEE-5A01-439A-90BA-A72FDC86C251}.Windows8|x86.Build.0 = Release|x86
		{88F503F7-71B4-4FC8-A67E-83F6623B8D2B}.Android|Any CPU.ActiveCfg = Android|Any CPU
		{88F503F7-71B4-4FC8-A67E-83F6623B8D2B}.Android|Any CPU.Build.0 = Android|Any CPU
		{88F503F7-71B4-4FC8-A67E-83F6623B8D2B}.Android|Mixed Platforms.ActiveCfg = Android|Any CPU
		{88F503F7-71B4-4FC8-A67E-83F6623B8D2B}.Android|Mixed Platforms.Build.0 = Android|Any CPU
		{88F503F7-71B4-4FC8-A67E-83F6623B8D2B}.Android|x86.ActiveCfg = Android|Any CPU
		{88F503F7-71B4-4FC8-A67E-83F6623B8D2B}.Debug|Any CPU.ActiveCfg = PSM|Any CPU
		{88F503F7-71B4-4FC8-A67E-83F6623B8D2B}.Debug|Any CPU.Build.0 = PSM|Any CPU
		{88F503F7-71B4-4FC8-A67E-83F6623B8D2B}.Debug|Mixed Platforms.ActiveCfg = PSM|Any CPU
		{88F503F7-71B4-4FC8-A67E-83F6623B8D2B}.Debug|Mixed Platforms.Build.0 = PSM|Any CPU
		{88F503F7-71B4-4FC8-A67E-83F6623B8D2B}.Debug|x86.ActiveCfg = PSM|Any CPU
		{88F503F7-71B4-4FC8-A67E-83F6623B8D2B}.iOS|Any CPU.ActiveCfg = iOS|Any CPU
		{88F503F7-71B4-4FC8-A67E-83F6623B8D2B}.iOS|Any CPU.Build.0 = iOS|Any CPU
		{88F503F7-71B4-4FC8-A67E-83F6623B8D2B}.iOS|Mixed Platforms.ActiveCfg = iOS|Any CPU
		{88F503F7-71B4-4FC8-A67E-83F6623B8D2B}.iOS|Mixed Platforms.Build.0 = iOS|Any CPU
		{88F503F7-71B4-4FC8-A67E-83F6623B8D2B}.iOS|x86.ActiveCfg = iOS|Any CPU
		{88F503F7-71B4-4FC8-A67E-83F6623B8D2B}.Linux|Any CPU.ActiveCfg = Linux|Any CPU
		{88F503F7-71B4-4FC8-A67E-83F6623B8D2B}.Linux|Any CPU.Build.0 = Linux|Any CPU
		{88F503F7-71B4-4FC8-A67E-83F6623B8D2B}.Linux|Mixed Platforms.ActiveCfg = Linux|Any CPU
		{88F503F7-71B4-4FC8-A67E-83F6623B8D2B}.Linux|Mixed Platforms.Build.0 = Linux|Any CPU
		{88F503F7-71B4-4FC8-A67E-83F6623B8D2B}.Linux|x86.ActiveCfg = Linux|Any CPU
		{88F503F7-71B4-4FC8-A67E-83F6623B8D2B}.OSX|Any CPU.ActiveCfg = OSX|Any CPU
		{88F503F7-71B4-4FC8-A67E-83F6623B8D2B}.OSX|Any CPU.Build.0 = OSX|Any CPU
		{88F503F7-71B4-4FC8-A67E-83F6623B8D2B}.OSX|Mixed Platforms.ActiveCfg = OSX|Any CPU
		{88F503F7-71B4-4FC8-A67E-83F6623B8D2B}.OSX|Mixed Platforms.Build.0 = OSX|Any CPU
		{88F503F7-71B4-4FC8-A67E-83F6623B8D2B}.OSX|x86.ActiveCfg = OSX|Any CPU
		{88F503F7-71B4-4FC8-A67E-83F6623B8D2B}.PSM|Any CPU.ActiveCfg = PSM|Any CPU
		{88F503F7-71B4-4FC8-A67E-83F6623B8D2B}.PSM|Any CPU.Build.0 = PSM|Any CPU
		{88F503F7-71B4-4FC8-A67E-83F6623B8D2B}.PSM|Mixed Platforms.ActiveCfg = PSM|Any CPU
		{88F503F7-71B4-4FC8-A67E-83F6623B8D2B}.PSM|Mixed Platforms.Build.0 = PSM|Any CPU
		{88F503F7-71B4-4FC8-A67E-83F6623B8D2B}.PSM|x86.ActiveCfg = PSM|Any CPU
		{88F503F7-71B4-4FC8-A67E-83F6623B8D2B}.Release|Any CPU.ActiveCfg = PSM|Any CPU
		{88F503F7-71B4-4FC8-A67E-83F6623B8D2B}.Release|Any CPU.Build.0 = PSM|Any CPU
		{88F503F7-71B4-4FC8-A67E-83F6623B8D2B}.Release|Mixed Platforms.ActiveCfg = PSM|Any CPU
		{88F503F7-71B4-4FC8-A67E-83F6623B8D2B}.Release|Mixed Platforms.Build.0 = PSM|Any CPU
		{88F503F7-71B4-4FC8-A67E-83F6623B8D2B}.Release|x86.ActiveCfg = PSM|Any CPU
		{88F503F7-71B4-4FC8-A67E-83F6623B8D2B}.Windows|Any CPU.ActiveCfg = Windows|Any CPU
		{88F503F7-71B4-4FC8-A67E-83F6623B8D2B}.Windows|Any CPU.Build.0 = Windows|Any CPU
		{88F503F7-71B4-4FC8-A67E-83F6623B8D2B}.Windows|Mixed Platforms.ActiveCfg = Windows|Any CPU
		{88F503F7-71B4-4FC8-A67E-83F6623B8D2B}.Windows|Mixed Platforms.Build.0 = Windows|Any CPU
		{88F503F7-71B4-4FC8-A67E-83F6623B8D2B}.Windows|x86.ActiveCfg = Windows|Any CPU
		{88F503F7-71B4-4FC8-A67E-83F6623B8D2B}.Windows8|Any CPU.ActiveCfg = Windows8|Any CPU
		{88F503F7-71B4-4FC8-A67E-83F6623B8D2B}.Windows8|Any CPU.Build.0 = Windows8|Any CPU
		{88F503F7-71B4-4FC8-A67E-83F6623B8D2B}.Windows8|Mixed Platforms.ActiveCfg = Windows8|Any CPU
		{88F503F7-71B4-4FC8-A67E-83F6623B8D2B}.Windows8|Mixed Platforms.Build.0 = Windows8|Any CPU
		{88F503F7-71B4-4FC8-A67E-83F6623B8D2B}.Windows8|x86.ActiveCfg = Windows8|Any CPU
		{6A5CB865-0340-4F89-BD8D-4C9C8B971E75}.Android|Any CPU.ActiveCfg = Android|Any CPU
		{6A5CB865-0340-4F89-BD8D-4C9C8B971E75}.Android|Mixed Platforms.ActiveCfg = Android|Any CPU
		{6A5CB865-0340-4F89-BD8D-4C9C8B971E75}.Android|x86.ActiveCfg = Android|Any CPU
		{6A5CB865-0340-4F89-BD8D-4C9C8B971E75}.Debug|Any CPU.ActiveCfg = PSM|Any CPU
		{6A5CB865-0340-4F89-BD8D-4C9C8B971E75}.Debug|Mixed Platforms.ActiveCfg = PSM|Any CPU
		{6A5CB865-0340-4F89-BD8D-4C9C8B971E75}.Debug|x86.ActiveCfg = PSM|Any CPU
		{6A5CB865-0340-4F89-BD8D-4C9C8B971E75}.iOS|Any CPU.ActiveCfg = iOS|Any CPU
		{6A5CB865-0340-4F89-BD8D-4C9C8B971E75}.iOS|Mixed Platforms.ActiveCfg = iOS|Any CPU
		{6A5CB865-0340-4F89-BD8D-4C9C8B971E75}.iOS|x86.ActiveCfg = iOS|Any CPU
		{6A5CB865-0340-4F89-BD8D-4C9C8B971E75}.Linux|Any CPU.ActiveCfg = Linux|Any CPU
		{6A5CB865-0340-4F89-BD8D-4C9C8B971E75}.Linux|Mixed Platforms.ActiveCfg = Linux|Any CPU
		{6A5CB865-0340-4F89-BD8D-4C9C8B971E75}.Linux|x86.ActiveCfg = Linux|Any CPU
		{6A5CB865-0340-4F89-BD8D-4C9C8B971E75}.OSX|Any CPU.ActiveCfg = OSX|Any CPU
		{6A5CB865-0340-4F89-BD8D-4C9C8B971E75}.OSX|Mixed Platforms.ActiveCfg = OSX|Any CPU
		{6A5CB865-0340-4F89-BD8D-4C9C8B971E75}.OSX|x86.ActiveCfg = OSX|Any CPU
		{6A5CB865-0340-4F89-BD8D-4C9C8B971E75}.PSM|Any CPU.ActiveCfg = PSM|Any CPU
		{6A5CB865-0340-4F89-BD8D-4C9C8B971E75}.PSM|Mixed Platforms.ActiveCfg = PSM|Any CPU
		{6A5CB865-0340-4F89-BD8D-4C9C8B971E75}.PSM|x86.ActiveCfg = PSM|Any CPU
		{6A5CB865-0340-4F89-BD8D-4C9C8B971E75}.Release|Any CPU.ActiveCfg = PSM|Any CPU
		{6A5CB865-0340-4F89-BD8D-4C9C8B971E75}.Release|Mixed Platforms.ActiveCfg = PSM|Any CPU
		{6A5CB865-0340-4F89-BD8D-4C9C8B971E75}.Release|x86.ActiveCfg = PSM|Any CPU
		{6A5CB865-0340-4F89-BD8D-4C9C8B971E75}.Windows|Any CPU.ActiveCfg = Windows|Any CPU
		{6A5CB865-0340-4F89-BD8D-4C9C8B971E75}.Windows|Mixed Platforms.ActiveCfg = Windows|Any CPU
		{6A5CB865-0340-4F89-BD8D-4C9C8B971E75}.Windows|x86.ActiveCfg = Windows|Any CPU
		{6A5CB865-0340-4F89-BD8D-4C9C8B971E75}.Windows8|Any CPU.ActiveCfg = Windows8|Any CPU
		{6A5CB865-0340-4F89-BD8D-4C9C8B971E75}.Windows8|Mixed Platforms.ActiveCfg = Windows8|Any CPU
		{6A5CB865-0340-4F89-BD8D-4C9C8B971E75}.Windows8|x86.ActiveCfg = Windows8|Any CPU
	EndGlobalSection
	GlobalSection(SolutionProperties) = preSolution
		HideSolutionNode = FALSE
	EndGlobalSection
	GlobalSection(Performance) = preSolution
		HasPerformanceSessions = true
	EndGlobalSection
EndGlobal
